
Microsoft Visual Studio Solution File, Format Version 12.00
# Visual Studio 15
Project("{FAE04EC0-301F-11D3-BF4B-00C04F79EFBC}") = "Net.5.0", "Cdm\Net.5.0\Net.5.0.csproj", "{05E4B503-AEC6-4F00-9F28-6C58DEEAF86E}"
EndProject
Project("{FAE04EC0-301F-11D3-BF4B-00C04F79EFBC}") = "Rosetta.Net.5.0", "Rosetta\Net.5.0\Rosetta.Net.5.0.csproj", "{AB09EC41-592A-403A-9F8C-57706F4148D3}"
EndProject
Project("{FAE04EC0-301F-11D3-BF4B-00C04F79EFBC}") = "Test.Net.5.0", "Test\Net.5.0\Test.Net.5.0.csproj", "{6AB62609-3647-4E81-B9C5-402ACF4FE4C4}"
EndProject
Global
	GlobalSection(SolutionConfigurationPlatforms) = preSolution
		Debug|Any CPU = Debug|Any CPU
		Release|Any CPU = Release|Any CPU
	EndGlobalSection
	GlobalSection(ProjectConfigurationPlatforms) = postSolution
		{05E4B503-AEC6-4F00-9F28-6C58DEEAF86E}.Debug|Any CPU.ActiveCfg = Debug|Any CPU
		{05E4B503-AEC6-4F00-9F28-6C58DEEAF86E}.Debug|Any CPU.Build.0 = Debug|Any CPU
		{05E4B503-AEC6-4F00-9F28-6C58DEEAF86E}.Release|Any CPU.ActiveCfg = Release|Any CPU
		{05E4B503-AEC6-4F00-9F28-6C58DEEAF86E}.Release|Any CPU.Build.0 = Release|Any CPU
		{AB09EC41-592A-403A-9F8C-57706F4148D3}.Debug|Any CPU.ActiveCfg = Debug|Any CPU
		{AB09EC41-592A-403A-9F8C-57706F4148D3}.Debug|Any CPU.Build.0 = Debug|Any CPU
		{AB09EC41-592A-403A-9F8C-57706F4148D3}.Release|Any CPU.ActiveCfg = Release|Any CPU
		{AB09EC41-592A-403A-9F8C-57706F4148D3}.Release|Any CPU.Build.0 = Release|Any CPU
		{6AB62609-3647-4E81-B9C5-402ACF4FE4C4}.Debug|Any CPU.ActiveCfg = Debug|Any CPU
		{6AB62609-3647-4E81-B9C5-402ACF4FE4C4}.Debug|Any CPU.Build.0 = Debug|Any CPU
		{6AB62609-3647-4E81-B9C5-402ACF4FE4C4}.Release|Any CPU.ActiveCfg = Release|Any CPU
		{6AB62609-3647-4E81-B9C5-402ACF4FE4C4}.Release|Any CPU.Build.0 = Release|Any CPU
	EndGlobalSection
EndGlobal
